
Microsoft Visual Studio Solution File, Format Version 12.00
# Visual Studio Version 17
VisualStudioVersion = 17.0.32112.339
MinimumVisualStudioVersion = 10.0.40219.1
Project("{9A19103F-16F7-4668-BE54-9A1E7A4F7556}") = "assignment1", "assignment1.csproj", "{F16CB20A-B41B-4285-A212-A60AF01AD00A}"
EndProject
Project("{9A19103F-16F7-4668-BE54-9A1E7A4F7556}") = "assignment2", "..\assignment02\assignment2.csproj", "{D0D5C91A-6459-479B-9A9B-236DDC5DC607}"
EndProject
Project("{9A19103F-16F7-4668-BE54-9A1E7A4F7556}") = "Demo18", "..\demo18\Demo18.csproj", "{20D18211-C5BD-4C02-AD52-347790BA1B4A}"
EndProject
Project("{9A19103F-16F7-4668-BE54-9A1E7A4F7556}") = "Demo19", "..\demo19\Demo19.csproj", "{FBB79FF1-4B79-4DDD-950E-7F9BD8843A04}"
EndProject
Project("{9A19103F-16F7-4668-BE54-9A1E7A4F7556}") = "Demo20", "..\demo20\Demo20.csproj", "{0E6E9569-698B-4FAA-94C9-C9C29C06E4D9}"
EndProject
Project("{9A19103F-16F7-4668-BE54-9A1E7A4F7556}") = "Demo21", "..\demo21\Demo21.csproj", "{F722A307-BA28-4372-9F36-63AF91E2EC1E}"
EndProject
Project("{9A19103F-16F7-4668-BE54-9A1E7A4F7556}") = "Demo22", "..\demo22\Demo22.csproj", "{B1E52741-4683-494B-8B17-43EDAC39796C}"
EndProject
Project("{FAE04EC0-301F-11D3-BF4B-00C04F79EFBC}") = "Demo1", "..\demo1\Demo1.csproj", "{A707FA86-F19E-4ED7-8BB4-B0891AE9AE7E}"
EndProject
Project("{FAE04EC0-301F-11D3-BF4B-00C04F79EFBC}") = "Demo2", "..\demo2\Demo2.csproj", "{C51065C5-3511-4561-B01A-FA636FF74120}"
EndProject
Project("{FAE04EC0-301F-11D3-BF4B-00C04F79EFBC}") = "Demo3", "..\demo3\Demo3.csproj", "{B46F6D22-F25B-46EB-9E7D-2852BF34CCAA}"
EndProject
Project("{FAE04EC0-301F-11D3-BF4B-00C04F79EFBC}") = "Demo4", "..\demo4\Demo4.csproj", "{303B01D5-C968-4EBA-BAA6-7306D962349C}"
EndProject
Project("{FAE04EC0-301F-11D3-BF4B-00C04F79EFBC}") = "Demo5", "..\demo5\Demo5.csproj", "{7A936CA8-C10C-4E4D-BDE0-E4C05C2DF2B2}"
EndProject
Project("{FAE04EC0-301F-11D3-BF4B-00C04F79EFBC}") = "Demo6", "..\demo6\Demo6.csproj", "{1C11A2CA-72FB-4E98-A1B2-E6507D2FDFBE}"
EndProject
Project("{FAE04EC0-301F-11D3-BF4B-00C04F79EFBC}") = "Demo7", "..\demo7\Demo7.csproj", "{1E2A5114-F1F6-4E2B-88A2-9EA928102B88}"
EndProject
Project("{FAE04EC0-301F-11D3-BF4B-00C04F79EFBC}") = "Demo8", "..\Demo8\Demo8.csproj", "{203B8123-B39F-4EC7-9E3B-A1ED8FD65A49}"
EndProject
Project("{FAE04EC0-301F-11D3-BF4B-00C04F79EFBC}") = "Demo9", "..\Demo9\Demo9.csproj", "{1119E663-E94B-44DB-B961-8D2E09F5DEDD}"
EndProject
Project("{FAE04EC0-301F-11D3-BF4B-00C04F79EFBC}") = "Demo10", "..\Demo10\Demo10.csproj", "{81188469-6EE7-46D7-B55D-A727B45B88B5}"
EndProject
Project("{FAE04EC0-301F-11D3-BF4B-00C04F79EFBC}") = "Demo11", "..\Demo11\Demo11.csproj", "{D10F2B97-DB3B-438D-85A8-54A08C07A05C}"
EndProject
Project("{FAE04EC0-301F-11D3-BF4B-00C04F79EFBC}") = "Demo12", "..\Demo12\Demo12.csproj", "{3BDAF109-C87E-487F-8D29-C88A66913341}"
EndProject
Project("{FAE04EC0-301F-11D3-BF4B-00C04F79EFBC}") = "Demo13", "..\Demo13\Demo13.csproj", "{AFEAD643-DC12-4495-BACB-7CD868308E7F}"
EndProject
Project("{FAE04EC0-301F-11D3-BF4B-00C04F79EFBC}") = "Demo14", "..\Demo14\Demo14.csproj", "{5EBC6201-4EBD-4E24-9CB5-DD454ADFA879}"
EndProject
Project("{FAE04EC0-301F-11D3-BF4B-00C04F79EFBC}") = "Demo15", "..\Demo15\Demo15.csproj", "{AC2EAC19-E101-416B-9DDC-801B9FA90789}"
EndProject
Project("{FAE04EC0-301F-11D3-BF4B-00C04F79EFBC}") = "Demo16", "..\Demo16\Demo16.csproj", "{6A6AC178-D094-4344-9DCA-AF23BCBBDD43}"
EndProject
Project("{FAE04EC0-301F-11D3-BF4B-00C04F79EFBC}") = "Demo17", "..\Demo17\Demo17.csproj", "{F9155238-484D-41F4-8039-EF7AE0873008}"
EndProject
Global
	GlobalSection(SolutionConfigurationPlatforms) = preSolution
		Debug|Any CPU = Debug|Any CPU
		Release|Any CPU = Release|Any CPU
	EndGlobalSection
	GlobalSection(ProjectConfigurationPlatforms) = postSolution
		{F16CB20A-B41B-4285-A212-A60AF01AD00A}.Debug|Any CPU.ActiveCfg = Debug|Any CPU
		{F16CB20A-B41B-4285-A212-A60AF01AD00A}.Debug|Any CPU.Build.0 = Debug|Any CPU
		{F16CB20A-B41B-4285-A212-A60AF01AD00A}.Release|Any CPU.ActiveCfg = Release|Any CPU
		{F16CB20A-B41B-4285-A212-A60AF01AD00A}.Release|Any CPU.Build.0 = Release|Any CPU
		{D0D5C91A-6459-479B-9A9B-236DDC5DC607}.Debug|Any CPU.ActiveCfg = Debug|Any CPU
		{D0D5C91A-6459-479B-9A9B-236DDC5DC607}.Debug|Any CPU.Build.0 = Debug|Any CPU
		{D0D5C91A-6459-479B-9A9B-236DDC5DC607}.Release|Any CPU.ActiveCfg = Release|Any CPU
		{D0D5C91A-6459-479B-9A9B-236DDC5DC607}.Release|Any CPU.Build.0 = Release|Any CPU
		{20D18211-C5BD-4C02-AD52-347790BA1B4A}.Debug|Any CPU.ActiveCfg = Debug|Any CPU
		{20D18211-C5BD-4C02-AD52-347790BA1B4A}.Debug|Any CPU.Build.0 = Debug|Any CPU
		{20D18211-C5BD-4C02-AD52-347790BA1B4A}.Release|Any CPU.ActiveCfg = Release|Any CPU
		{20D18211-C5BD-4C02-AD52-347790BA1B4A}.Release|Any CPU.Build.0 = Release|Any CPU
		{FBB79FF1-4B79-4DDD-950E-7F9BD8843A04}.Debug|Any CPU.ActiveCfg = Debug|Any CPU
		{FBB79FF1-4B79-4DDD-950E-7F9BD8843A04}.Debug|Any CPU.Build.0 = Debug|Any CPU
		{FBB79FF1-4B79-4DDD-950E-7F9BD8843A04}.Release|Any CPU.ActiveCfg = Release|Any CPU
		{FBB79FF1-4B79-4DDD-950E-7F9BD8843A04}.Release|Any CPU.Build.0 = Release|Any CPU
		{0E6E9569-698B-4FAA-94C9-C9C29C06E4D9}.Debug|Any CPU.ActiveCfg = Debug|Any CPU
		{0E6E9569-698B-4FAA-94C9-C9C29C06E4D9}.Debug|Any CPU.Build.0 = Debug|Any CPU
		{0E6E9569-698B-4FAA-94C9-C9C29C06E4D9}.Release|Any CPU.ActiveCfg = Release|Any CPU
		{0E6E9569-698B-4FAA-94C9-C9C29C06E4D9}.Release|Any CPU.Build.0 = Release|Any CPU
		{F722A307-BA28-4372-9F36-63AF91E2EC1E}.Debug|Any CPU.ActiveCfg = Debug|Any CPU
		{F722A307-BA28-4372-9F36-63AF91E2EC1E}.Debug|Any CPU.Build.0 = Debug|Any CPU
		{F722A307-BA28-4372-9F36-63AF91E2EC1E}.Release|Any CPU.ActiveCfg = Release|Any CPU
		{F722A307-BA28-4372-9F36-63AF91E2EC1E}.Release|Any CPU.Build.0 = Release|Any CPU
		{B1E52741-4683-494B-8B17-43EDAC39796C}.Debug|Any CPU.ActiveCfg = Debug|Any CPU
		{B1E52741-4683-494B-8B17-43EDAC39796C}.Debug|Any CPU.Build.0 = Debug|Any CPU
		{B1E52741-4683-494B-8B17-43EDAC39796C}.Release|Any CPU.ActiveCfg = Release|Any CPU
		{B1E52741-4683-494B-8B17-43EDAC39796C}.Release|Any CPU.Build.0 = Release|Any CPU
		{A707FA86-F19E-4ED7-8BB4-B0891AE9AE7E}.Debug|Any CPU.ActiveCfg = Debug|Any CPU
		{A707FA86-F19E-4ED7-8BB4-B0891AE9AE7E}.Debug|Any CPU.Build.0 = Debug|Any CPU
		{A707FA86-F19E-4ED7-8BB4-B0891AE9AE7E}.Release|Any CPU.ActiveCfg = Release|Any CPU
		{A707FA86-F19E-4ED7-8BB4-B0891AE9AE7E}.Release|Any CPU.Build.0 = Release|Any CPU
		{C51065C5-3511-4561-B01A-FA636FF74120}.Debug|Any CPU.ActiveCfg = Debug|Any CPU
		{C51065C5-3511-4561-B01A-FA636FF74120}.Debug|Any CPU.Build.0 = Debug|Any CPU
		{C51065C5-3511-4561-B01A-FA636FF74120}.Release|Any CPU.ActiveCfg = Release|Any CPU
		{C51065C5-3511-4561-B01A-FA636FF74120}.Release|Any CPU.Build.0 = Release|Any CPU
		{B46F6D22-F25B-46EB-9E7D-2852BF34CCAA}.Debug|Any CPU.ActiveCfg = Debug|Any CPU
		{B46F6D22-F25B-46EB-9E7D-2852BF34CCAA}.Debug|Any CPU.Build.0 = Debug|Any CPU
		{B46F6D22-F25B-46EB-9E7D-2852BF34CCAA}.Release|Any CPU.ActiveCfg = Release|Any CPU
		{B46F6D22-F25B-46EB-9E7D-2852BF34CCAA}.Release|Any CPU.Build.0 = Release|Any CPU
		{303B01D5-C968-4EBA-BAA6-7306D962349C}.Debug|Any CPU.ActiveCfg = Debug|Any CPU
		{303B01D5-C968-4EBA-BAA6-7306D962349C}.Debug|Any CPU.Build.0 = Debug|Any CPU
		{303B01D5-C968-4EBA-BAA6-7306D962349C}.Release|Any CPU.ActiveCfg = Release|Any CPU
		{303B01D5-C968-4EBA-BAA6-7306D962349C}.Release|Any CPU.Build.0 = Release|Any CPU
		{7A936CA8-C10C-4E4D-BDE0-E4C05C2DF2B2}.Debug|Any CPU.ActiveCfg = Debug|Any CPU
		{7A936CA8-C10C-4E4D-BDE0-E4C05C2DF2B2}.Debug|Any CPU.Build.0 = Debug|Any CPU
		{7A936CA8-C10C-4E4D-BDE0-E4C05C2DF2B2}.Release|Any CPU.ActiveCfg = Release|Any CPU
		{7A936CA8-C10C-4E4D-BDE0-E4C05C2DF2B2}.Release|Any CPU.Build.0 = Release|Any CPU
		{1C11A2CA-72FB-4E98-A1B2-E6507D2FDFBE}.Debug|Any CPU.ActiveCfg = Debug|Any CPU
		{1C11A2CA-72FB-4E98-A1B2-E6507D2FDFBE}.Debug|Any CPU.Build.0 = Debug|Any CPU
		{1C11A2CA-72FB-4E98-A1B2-E6507D2FDFBE}.Release|Any CPU.ActiveCfg = Release|Any CPU
		{1C11A2CA-72FB-4E98-A1B2-E6507D2FDFBE}.Release|Any CPU.Build.0 = Release|Any CPU
		{1E2A5114-F1F6-4E2B-88A2-9EA928102B88}.Debug|Any CPU.ActiveCfg = Debug|Any CPU
		{1E2A5114-F1F6-4E2B-88A2-9EA928102B88}.Debug|Any CPU.Build.0 = Debug|Any CPU
		{1E2A5114-F1F6-4E2B-88A2-9EA928102B88}.Release|Any CPU.ActiveCfg = Release|Any CPU
		{1E2A5114-F1F6-4E2B-88A2-9EA928102B88}.Release|Any CPU.Build.0 = Release|Any CPU
		{203B8123-B39F-4EC7-9E3B-A1ED8FD65A49}.Debug|Any CPU.ActiveCfg = Debug|Any CPU
		{203B8123-B39F-4EC7-9E3B-A1ED8FD65A49}.Debug|Any CPU.Build.0 = Debug|Any CPU
		{203B8123-B39F-4EC7-9E3B-A1ED8FD65A49}.Release|Any CPU.ActiveCfg = Release|Any CPU
		{203B8123-B39F-4EC7-9E3B-A1ED8FD65A49}.Release|Any CPU.Build.0 = Release|Any CPU
		{1119E663-E94B-44DB-B961-8D2E09F5DEDD}.Debug|Any CPU.ActiveCfg = Debug|Any CPU
		{1119E663-E94B-44DB-B961-8D2E09F5DEDD}.Debug|Any CPU.Build.0 = Debug|Any CPU
		{1119E663-E94B-44DB-B961-8D2E09F5DEDD}.Release|Any CPU.ActiveCfg = Release|Any CPU
		{1119E663-E94B-44DB-B961-8D2E09F5DEDD}.Release|Any CPU.Build.0 = Release|Any CPU
		{81188469-6EE7-46D7-B55D-A727B45B88B5}.Debug|Any CPU.ActiveCfg = Debug|Any CPU
		{81188469-6EE7-46D7-B55D-A727B45B88B5}.Debug|Any CPU.Build.0 = Debug|Any CPU
		{81188469-6EE7-46D7-B55D-A727B45B88B5}.Release|Any CPU.ActiveCfg = Release|Any CPU
		{81188469-6EE7-46D7-B55D-A727B45B88B5}.Release|Any CPU.Build.0 = Release|Any CPU
		{D10F2B97-DB3B-438D-85A8-54A08C07A05C}.Debug|Any CPU.ActiveCfg = Debug|Any CPU
		{D10F2B97-DB3B-438D-85A8-54A08C07A05C}.Debug|Any CPU.Build.0 = Debug|Any CPU
		{D10F2B97-DB3B-438D-85A8-54A08C07A05C}.Release|Any CPU.ActiveCfg = Release|Any CPU
		{D10F2B97-DB3B-438D-85A8-54A08C07A05C}.Release|Any CPU.Build.0 = Release|Any CPU
		{3BDAF109-C87E-487F-8D29-C88A66913341}.Debug|Any CPU.ActiveCfg = Debug|Any CPU
		{3BDAF109-C87E-487F-8D29-C88A66913341}.Debug|Any CPU.Build.0 = Debug|Any CPU
		{3BDAF109-C87E-487F-8D29-C88A66913341}.Release|Any CPU.ActiveCfg = Release|Any CPU
		{3BDAF109-C87E-487F-8D29-C88A66913341}.Release|Any CPU.Build.0 = Release|Any CPU
		{AFEAD643-DC12-4495-BACB-7CD868308E7F}.Debug|Any CPU.ActiveCfg = Debug|Any CPU
		{AFEAD643-DC12-4495-BACB-7CD868308E7F}.Debug|Any CPU.Build.0 = Debug|Any CPU
		{AFEAD643-DC12-4495-BACB-7CD868308E7F}.Release|Any CPU.ActiveCfg = Release|Any CPU
		{AFEAD643-DC12-4495-BACB-7CD868308E7F}.Release|Any CPU.Build.0 = Release|Any CPU
		{5EBC6201-4EBD-4E24-9CB5-DD454ADFA879}.Debug|Any CPU.ActiveCfg = Debug|Any CPU
		{5EBC6201-4EBD-4E24-9CB5-DD454ADFA879}.Debug|Any CPU.Build.0 = Debug|Any CPU
		{5EBC6201-4EBD-4E24-9CB5-DD454ADFA879}.Release|Any CPU.ActiveCfg = Release|Any CPU
		{5EBC6201-4EBD-4E24-9CB5-DD454ADFA879}.Release|Any CPU.Build.0 = Release|Any CPU
		{AC2EAC19-E101-416B-9DDC-801B9FA90789}.Debug|Any CPU.ActiveCfg = Debug|Any CPU
		{AC2EAC19-E101-416B-9DDC-801B9FA90789}.Debug|Any CPU.Build.0 = Debug|Any CPU
		{AC2EAC19-E101-416B-9DDC-801B9FA90789}.Release|Any CPU.ActiveCfg = Release|Any CPU
		{AC2EAC19-E101-416B-9DDC-801B9FA90789}.Release|Any CPU.Build.0 = Release|Any CPU
		{6A6AC178-D094-4344-9DCA-AF23BCBBDD43}.Debug|Any CPU.ActiveCfg = Debug|Any CPU
		{6A6AC178-D094-4344-9DCA-AF23BCBBDD43}.Debug|Any CPU.Build.0 = Debug|Any CPU
		{6A6AC178-D094-4344-9DCA-AF23BCBBDD43}.Release|Any CPU.ActiveCfg = Release|Any CPU
		{6A6AC178-D094-4344-9DCA-AF23BCBBDD43}.Release|Any CPU.Build.0 = Release|Any CPU
		{F9155238-484D-41F4-8039-EF7AE0873008}.Debug|Any CPU.ActiveCfg = Debug|Any CPU
		{F9155238-484D-41F4-8039-EF7AE0873008}.Debug|Any CPU.Build.0 = Debug|Any CPU
		{F9155238-484D-41F4-8039-EF7AE0873008}.Release|Any CPU.ActiveCfg = Release|Any CPU
		{F9155238-484D-41F4-8039-EF7AE0873008}.Release|Any CPU.Build.0 = Release|Any CPU
	EndGlobalSection
	GlobalSection(SolutionProperties) = preSolution
		HideSolutionNode = FALSE
	EndGlobalSection
	GlobalSection(ExtensibilityGlobals) = postSolution
		SolutionGuid = {35DD63DD-ECB6-4B60-A08D-7B742AB9AB86}
	EndGlobalSection
EndGlobal
